
Microsoft Visual Studio Solution File, Format Version 10.00
# Visual Studio 2008
Project("{FAE04EC0-301F-11D3-BF4B-00C04F79EFBC}") = "roundhouse", "product\roundhouse\roundhouse.csproj", "{A95DE649-D5BA-4402-9D9C-3D8D67E2FF44}"
EndProject
Project("{FAE04EC0-301F-11D3-BF4B-00C04F79EFBC}") = "roundhouse.tests", "product\roundhouse.tests\roundhouse.tests.csproj", "{0726928C-FDAC-4C79-B423-841C7E0DF5B8}"
EndProject
Project("{FAE04EC0-301F-11D3-BF4B-00C04F79EFBC}") = "roundhouse.tasks", "product\roundhouse.tasks\roundhouse.tasks.csproj", "{7CC86537-E4F4-42F0-973F-39F38E43E347}"
EndProject
Project("{2150E333-8FDC-42A3-9474-1A3956D46DE8}") = "tests", "tests", "{807C6B2C-496F-4A41-ABFE-EA5478EB9CFF}"
EndProject
Project("{FAE04EC0-301F-11D3-BF4B-00C04F79EFBC}") = "roundhouse.console", "product\roundhouse.console\roundhouse.console.csproj", "{97CA60FD-D550-4098-8B59-E6CD1F1A3AF2}"
EndProject
Global
	GlobalSection(SolutionConfigurationPlatforms) = preSolution
		Debug|Any CPU = Debug|Any CPU
		Release|Any CPU = Release|Any CPU
	EndGlobalSection
	GlobalSection(ProjectConfigurationPlatforms) = postSolution
		{A95DE649-D5BA-4402-9D9C-3D8D67E2FF44}.Debug|Any CPU.ActiveCfg = Debug|Any CPU
		{A95DE649-D5BA-4402-9D9C-3D8D67E2FF44}.Debug|Any CPU.Build.0 = Debug|Any CPU
		{A95DE649-D5BA-4402-9D9C-3D8D67E2FF44}.Release|Any CPU.ActiveCfg = Release|Any CPU
		{A95DE649-D5BA-4402-9D9C-3D8D67E2FF44}.Release|Any CPU.Build.0 = Release|Any CPU
		{0726928C-FDAC-4C79-B423-841C7E0DF5B8}.Debug|Any CPU.ActiveCfg = Debug|Any CPU
		{0726928C-FDAC-4C79-B423-841C7E0DF5B8}.Debug|Any CPU.Build.0 = Debug|Any CPU
		{0726928C-FDAC-4C79-B423-841C7E0DF5B8}.Release|Any CPU.ActiveCfg = Release|Any CPU
		{0726928C-FDAC-4C79-B423-841C7E0DF5B8}.Release|Any CPU.Build.0 = Release|Any CPU
		{7CC86537-E4F4-42F0-973F-39F38E43E347}.Debug|Any CPU.ActiveCfg = Debug|Any CPU
		{7CC86537-E4F4-42F0-973F-39F38E43E347}.Debug|Any CPU.Build.0 = Debug|Any CPU
		{7CC86537-E4F4-42F0-973F-39F38E43E347}.Release|Any CPU.ActiveCfg = Release|Any CPU
		{7CC86537-E4F4-42F0-973F-39F38E43E347}.Release|Any CPU.Build.0 = Release|Any CPU
		{97CA60FD-D550-4098-8B59-E6CD1F1A3AF2}.Debug|Any CPU.ActiveCfg = Debug|Any CPU
		{97CA60FD-D550-4098-8B59-E6CD1F1A3AF2}.Debug|Any CPU.Build.0 = Debug|Any CPU
		{97CA60FD-D550-4098-8B59-E6CD1F1A3AF2}.Release|Any CPU.ActiveCfg = Release|Any CPU
		{97CA60FD-D550-4098-8B59-E6CD1F1A3AF2}.Release|Any CPU.Build.0 = Release|Any CPU
	EndGlobalSection
	GlobalSection(SolutionProperties) = preSolution
		HideSolutionNode = FALSE
	EndGlobalSection
	GlobalSection(NestedProjects) = preSolution
		{0726928C-FDAC-4C79-B423-841C7E0DF5B8} = {807C6B2C-496F-4A41-ABFE-EA5478EB9CFF}
	EndGlobalSection
EndGlobal
